// !$*UTF8*$!
{
	archiveVersion = 1;
	classes = {
	};
	objectVersion = 55;
	objects = {

/* Begin PBXBuildFile section */
		163A61A4291C85BB00045645 /* AppDelegate.swift in Sources */ = {isa = PBXBuildFile; fileRef = 163A61A3291C85BB00045645 /* AppDelegate.swift */; };
		163A61A6291C85BB00045645 /* GameScene.sks in Resources */ = {isa = PBXBuildFile; fileRef = 163A61A5291C85BB00045645 /* GameScene.sks */; };
		163A61A8291C85BB00045645 /* Actions.sks in Resources */ = {isa = PBXBuildFile; fileRef = 163A61A7291C85BB00045645 /* Actions.sks */; };
		163A61AA291C85BB00045645 /* GameScene.swift in Sources */ = {isa = PBXBuildFile; fileRef = 163A61A9291C85BB00045645 /* GameScene.swift */; };
		163A61AC291C85BB00045645 /* GameViewController.swift in Sources */ = {isa = PBXBuildFile; fileRef = 163A61AB291C85BB00045645 /* GameViewController.swift */; };
		163A61AF291C85BB00045645 /* Main.storyboard in Resources */ = {isa = PBXBuildFile; fileRef = 163A61AD291C85BB00045645 /* Main.storyboard */; };
		163A61B1291C85BD00045645 /* Assets.xcassets in Resources */ = {isa = PBXBuildFile; fileRef = 163A61B0291C85BD00045645 /* Assets.xcassets */; };
		163A61B4291C85BD00045645 /* LaunchScreen.storyboard in Resources */ = {isa = PBXBuildFile; fileRef = 163A61B2291C85BD00045645 /* LaunchScreen.storyboard */; };
/* End PBXBuildFile section */

/* Begin PBXFileReference section */
		163A61A0291C85BB00045645 /* FisicaAplicadaEmObjetosMovimentando.app */ = {isa = PBXFileReference; explicitFileType = wrapper.application; includeInIndex = 0; path = FisicaAplicadaEmObjetosMovimentando.app; sourceTree = BUILT_PRODUCTS_DIR; };
		163A61A3291C85BB00045645 /* AppDelegate.swift */ = {isa = PBXFileReference; lastKnownFileType = sourcecode.swift; path = AppDelegate.swift; sourceTree = "<group>"; };
		163A61A5291C85BB00045645 /* GameScene.sks */ = {isa = PBXFileReference; lastKnownFileType = file.sks; path = GameScene.sks; sourceTree = "<group>"; };
		163A61A7291C85BB00045645 /* Actions.sks */ = {isa = PBXFileReference; lastKnownFileType = file.sks; path = Actions.sks; sourceTree = "<group>"; };
		163A61A9291C85BB00045645 /* GameScene.swift */ = {isa = PBXFileReference; lastKnownFileType = sourcecode.swift; path = GameScene.swift; sourceTree = "<group>"; };
		163A61AB291C85BB00045645 /* GameViewController.swift */ = {isa = PBXFileReference; lastKnownFileType = sourcecode.swift; path = GameViewController.swift; sourceTree = "<group>"; };
		163A61AE291C85BB00045645 /* Base */ = {isa = PBXFileReference; lastKnownFileType = file.storyboard; name = Base; path = Base.lproj/Main.storyboard; sourceTree = "<group>"; };
		163A61B0291C85BD00045645 /* Assets.xcassets */ = {isa = PBXFileReference; lastKnownFileType = folder.assetcatalog; path = Assets.xcassets; sourceTree = "<group>"; };
		163A61B3291C85BD00045645 /* Base */ = {isa = PBXFileReference; lastKnownFileType = file.storyboard; name = Base; path = Base.lproj/LaunchScreen.storyboard; sourceTree = "<group>"; };
/* End PBXFileReference section */

/* Begin PBXFrameworksBuildPhase section */
		163A619D291C85BB00045645 /* Frameworks */ = {
			isa = PBXFrameworksBuildPhase;
			buildActionMask = 2147483647;
			files = (
			);
			runOnlyForDeploymentPostprocessing = 0;
		};
/* End PBXFrameworksBuildPhase section */

/* Begin PBXGroup section */
		163A6197291C85BB00045645 = {
			isa = PBXGroup;
			children = (
				163A61A2291C85BB00045645 /* FisicaAplicadaEmObjetosMovimentando */,
				163A61A1291C85BB00045645 /* Products */,
			);
			sourceTree = "<group>";
		};
		163A61A1291C85BB00045645 /* Products */ = {
			isa = PBXGroup;
			children = (
				163A61A0291C85BB00045645 /* FisicaAplicadaEmObjetosMovimentando.app */,
			);
			name = Products;
			sourceTree = "<group>";
		};
		163A61A2291C85BB00045645 /* FisicaAplicadaEmObjetosMovimentando */ = {
			isa = PBXGroup;
			children = (
				163A61A3291C85BB00045645 /* AppDelegate.swift */,
				163A61A5291C85BB00045645 /* GameScene.sks */,
				163A61A7291C85BB00045645 /* Actions.sks */,
				163A61A9291C85BB00045645 /* GameScene.swift */,
				163A61AB291C85BB00045645 /* GameViewController.swift */,
				163A61AD291C85BB00045645 /* Main.storyboard */,
				163A61B0291C85BD00045645 /* Assets.xcassets */,
				163A61B2291C85BD00045645 /* LaunchScreen.storyboard */,
			);
			path = FisicaAplicadaEmObjetosMovimentando;
			sourceTree = "<group>";
		};
/* End PBXGroup section */

/* Begin PBXNativeTarget section */
		163A619F291C85BB00045645 /* FisicaAplicadaEmObjetosMovimentando */ = {
			isa = PBXNativeTarget;
			buildConfigurationList = 163A61B7291C85BD00045645 /* Build configuration list for PBXNativeTarget "FisicaAplicadaEmObjetosMovimentando" */;
			buildPhases = (
				163A619C291C85BB00045645 /* Sources */,
				163A619D291C85BB00045645 /* Frameworks */,
				163A619E291C85BB00045645 /* Resources */,
			);
			buildRules = (
			);
			dependencies = (
			);
			name = FisicaAplicadaEmObjetosMovimentando;
			productName = FisicaAplicadaEmObjetosMovimentando;
			productReference = 163A61A0291C85BB00045645 /* FisicaAplicadaEmObjetosMovimentando.app */;
			productType = "com.apple.product-type.application";
		};
/* End PBXNativeTarget section */

/* Begin PBXProject section */
		163A6198291C85BB00045645 /* Project object */ = {
			isa = PBXProject;
			attributes = {
				BuildIndependentTargetsInParallel = 1;
				LastSwiftUpdateCheck = 1340;
				LastUpgradeCheck = 1340;
				TargetAttributes = {
					163A619F291C85BB00045645 = {
						CreatedOnToolsVersion = 13.4.1;
					};
				};
			};
			buildConfigurationList = 163A619B291C85BB00045645 /* Build configuration list for PBXProject "FisicaAplicadaEmObjetosMovimentando" */;
			compatibilityVersion = "Xcode 13.0";
			developmentRegion = en;
			hasScannedForEncodings = 0;
			knownRegions = (
				en,
				Base,
			);
			mainGroup = 163A6197291C85BB00045645;
			productRefGroup = 163A61A1291C85BB00045645 /* Products */;
			projectDirPath = "";
			projectRoot = "";
			targets = (
				163A619F291C85BB00045645 /* FisicaAplicadaEmObjetosMovimentando */,
			);
		};
/* End PBXProject section */

/* Begin PBXResourcesBuildPhase section */
		163A619E291C85BB00045645 /* Resources */ = {
			isa = PBXResourcesBuildPhase;
			buildActionMask = 2147483647;
			files = (
				163A61AF291C85BB00045645 /* Main.storyboard in Resources */,
				163A61A6291C85BB00045645 /* GameScene.sks in Resources */,
				163A61B1291C85BD00045645 /* Assets.xcassets in Resources */,
				163A61B4291C85BD00045645 /* LaunchScreen.storyboard in Resources */,
				163A61A8291C85BB00045645 /* Actions.sks in Resources */,
			);
			runOnlyForDeploymentPostprocessing = 0;
		};
/* End PBXResourcesBuildPhase section */

/* Begin PBXSourcesBuildPhase section */
		163A619C291C85BB00045645 /* Sources */ = {
			isa = PBXSourcesBuildPhase;
			buildActionMask = 2147483647;
			files = (
				163A61AA291C85BB00045645 /* GameScene.swift in Sources */,
				163A61AC291C85BB00045645 /* GameViewController.swift in Sources */,
				163A61A4291C85BB00045645 /* AppDelegate.swift in Sources */,
			);
			runOnlyForDeploymentPostprocessing = 0;
		};
/* End PBXSourcesBuildPhase section */

/* Begin PBXVariantGroup section */
		163A61AD291C85BB00045645 /* Main.storyboard */ = {
			isa = PBXVariantGroup;
			children = (
				163A61AE291C85BB00045645 /* Base */,
			);
			name = Main.storyboard;
			sourceTree = "<group>";
		};
		163A61B2291C85BD00045645 /* LaunchScreen.storyboard */ = {
			isa = PBXVariantGroup;
			children = (
				163A61B3291C85BD00045645 /* Base */,
			);
			name = LaunchScreen.storyboard;
			sourceTree = "<group>";
		};
/* End PBXVariantGroup section */

/* Begin XCBuildConfiguration section */
		163A61B5291C85BD00045645 /* Debug */ = {
			isa = XCBuildConfiguration;
			buildSettings = {
				ALWAYS_SEARCH_USER_PATHS = NO;
				CLANG_ANALYZER_NONNULL = YES;
				CLANG_ANALYZER_NUMBER_OBJECT_CONVERSION = YES_AGGRESSIVE;
				CLANG_CXX_LANGUAGE_STANDARD = "gnu++17";
				CLANG_ENABLE_MODULES = YES;
				CLANG_ENABLE_OBJC_ARC = YES;
				CLANG_ENABLE_OBJC_WEAK = YES;
				CLANG_WARN_BLOCK_CAPTURE_AUTORELEASING = YES;
				CLANG_WARN_BOOL_CONVERSION = YES;
				CLANG_WARN_COMMA = YES;
				CLANG_WARN_CONSTANT_CONVERSION = YES;
				CLANG_WARN_DEPRECATED_OBJC_IMPLEMENTATIONS = YES;
				CLANG_WARN_DIRECT_OBJC_ISA_USAGE = YES_ERROR;
				CLANG_WARN_DOCUMENTATION_COMMENTS = YES;
				CLANG_WARN_EMPTY_BODY = YES;
				CLANG_WARN_ENUM_CONVERSION = YES;
				CLANG_WARN_INFINITE_RECURSION = YES;
				CLANG_WARN_INT_CONVERSION = YES;
				CLANG_WARN_NON_LITERAL_NULL_CONVERSION = YES;
				CLANG_WARN_OBJC_IMPLICIT_RETAIN_SELF = YES;
				CLANG_WARN_OBJC_LITERAL_CONVERSION = YES;
				CLANG_WARN_OBJC_ROOT_CLASS = YES_ERROR;
				CLANG_WARN_QUOTED_INCLUDE_IN_FRAMEWORK_HEADER = YES;
				CLANG_WARN_RANGE_LOOP_ANALYSIS = YES;
				CLANG_WARN_STRICT_PROTOTYPES = YES;
				CLANG_WARN_SUSPICIOUS_MOVE = YES;
				CLANG_WARN_UNGUARDED_AVAILABILITY = YES_AGGRESSIVE;
				CLANG_WARN_UNREACHABLE_CODE = YES;
				CLANG_WARN__DUPLICATE_METHOD_MATCH = YES;
				COPY_PHASE_STRIP = NO;
				DEBUG_INFORMATION_FORMAT = dwarf;
				ENABLE_STRICT_OBJC_MSGSEND = YES;
				ENABLE_TESTABILITY = YES;
				GCC_C_LANGUAGE_STANDARD = gnu11;
				GCC_DYNAMIC_NO_PIC = NO;
				GCC_NO_COMMON_BLOCKS = YES;
				GCC_OPTIMIZATION_LEVEL = 0;
				GCC_PREPROCESSOR_DEFINITIONS = (
					"DEBUG=1",
					"$(inherited)",
				);
				GCC_WARN_64_TO_32_BIT_CONVERSION = YES;
				GCC_WARN_ABOUT_RETURN_TYPE = YES_ERROR;
				GCC_WARN_UNDECLARED_SELECTOR = YES;
				GCC_WARN_UNINITIALIZED_AUTOS = YES_AGGRESSIVE;
				GCC_WARN_UNUSED_FUNCTION = YES;
				GCC_WARN_UNUSED_VARIABLE = YES;
				IPHONEOS_DEPLOYMENT_TARGET = 15.5;
				MTL_ENABLE_DEBUG_INFO = INCLUDE_SOURCE;
				MTL_FAST_MATH = YES;
				ONLY_ACTIVE_ARCH = YES;
				SDKROOT = iphoneos;
				SWIFT_ACTIVE_COMPILATION_CONDITIONS = DEBUG;
				SWIFT_OPTIMIZATION_LEVEL = "-Onone";
			};
			name = Debug;
		};
		163A61B6291C85BD00045645 /* Release */ = {
			isa = XCBuildConfiguration;
			buildSettings = {
				ALWAYS_SEARCH_USER_PATHS = NO;
				CLANG_ANALYZER_NONNULL = YES;
				CLANG_ANALYZER_NUMBER_OBJECT_CONVERSION = YES_AGGRESSIVE;
				CLANG_CXX_LANGUAGE_STANDARD = "gnu++17";
				CLANG_ENABLE_MODULES = YES;
				CLANG_ENABLE_OBJC_ARC = YES;
				CLANG_ENABLE_OBJC_WEAK = YES;
				CLANG_WARN_BLOCK_CAPTURE_AUTORELEASING = YES;
				CLANG_WARN_BOOL_CONVERSION = YES;
				CLANG_WARN_COMMA = YES;
				CLANG_WARN_CONSTANT_CONVERSION = YES;
				CLANG_WARN_DEPRECATED_OBJC_IMPLEMENTATIONS = YES;
				CLANG_WARN_DIRECT_OBJC_ISA_USAGE = YES_ERROR;
				CLANG_WARN_DOCUMENTATION_COMMENTS = YES;
				CLANG_WARN_EMPTY_BODY = YES;
				CLANG_WARN_ENUM_CONVERSION = YES;
				CLANG_WARN_INFINITE_RECURSION = YES;
				CLANG_WARN_INT_CONVERSION = YES;
				CLANG_WARN_NON_LITERAL_NULL_CONVERSION = YES;
				CLANG_WARN_OBJC_IMPLICIT_RETAIN_SELF = YES;
				CLANG_WARN_OBJC_LITERAL_CONVERSION = YES;
				CLANG_WARN_OBJC_ROOT_CLASS = YES_ERROR;
				CLANG_WARN_QUOTED_INCLUDE_IN_FRAMEWORK_HEADER = YES;
				CLANG_WARN_RANGE_LOOP_ANALYSIS = YES;
				CLANG_WARN_STRICT_PROTOTYPES = YES;
				CLANG_WARN_SUSPICIOUS_MOVE = YES;
				CLANG_WARN_UNGUARDED_AVAILABILITY = YES_AGGRESSIVE;
				CLANG_WARN_UNREACHABLE_CODE = YES;
				CLANG_WARN__DUPLICATE_METHOD_MATCH = YES;
				COPY_PHASE_STRIP = NO;
				DEBUG_INFORMATION_FORMAT = "dwarf-with-dsym";
				ENABLE_NS_ASSERTIONS = NO;
				ENABLE_STRICT_OBJC_MSGSEND = YES;
				GCC_C_LANGUAGE_STANDARD = gnu11;
				GCC_NO_COMMON_BLOCKS = YES;
				GCC_WARN_64_TO_32_BIT_CONVERSION = YES;
				GCC_WARN_ABOUT_RETURN_TYPE = YES_ERROR;
				GCC_WARN_UNDECLARED_SELECTOR = YES;
				GCC_WARN_UNINITIALIZED_AUTOS = YES_AGGRESSIVE;
				GCC_WARN_UNUSED_FUNCTION = YES;
				GCC_WARN_UNUSED_VARIABLE = YES;
				IPHONEOS_DEPLOYMENT_TARGET = 15.5;
				MTL_ENABLE_DEBUG_INFO = NO;
				MTL_FAST_MATH = YES;
				SDKROOT = iphoneos;
				SWIFT_COMPILATION_MODE = wholemodule;
				SWIFT_OPTIMIZATION_LEVEL = "-O";
				VALIDATE_PRODUCT = YES;
			};
			name = Release;
		};
		163A61B8291C85BD00045645 /* Debug */ = {
			isa = XCBuildConfiguration;
			buildSettings = {
				ASSETCATALOG_COMPILER_APPICON_NAME = AppIcon;
				ASSETCATALOG_COMPILER_GLOBAL_ACCENT_COLOR_NAME = AccentColor;
				CODE_SIGN_STYLE = Automatic;
				CURRENT_PROJECT_VERSION = 1;
				DEVELOPMENT_TEAM = UFS93RKF34;
				GENERATE_INFOPLIST_FILE = YES;
				INFOPLIST_KEY_UIApplicationSupportsIndirectInputEvents = YES;
				INFOPLIST_KEY_UILaunchStoryboardName = LaunchScreen;
				INFOPLIST_KEY_UIMainStoryboardFile = Main;
				INFOPLIST_KEY_UIStatusBarHidden = YES;
				INFOPLIST_KEY_UISupportedInterfaceOrientations_iPad = "UIInterfaceOrientationPortrait UIInterfaceOrientationPortraitUpsideDown UIInterfaceOrientationLandscapeLeft UIInterfaceOrientationLandscapeRight";
				INFOPLIST_KEY_UISupportedInterfaceOrientations_iPhone = "UIInterfaceOrientationPortrait UIInterfaceOrientationLandscapeLeft UIInterfaceOrientationLandscapeRight";
				IPHONEOS_DEPLOYMENT_TARGET = 15.2;
				LD_RUNPATH_SEARCH_PATHS = (
					"$(inherited)",
					"@executable_path/Frameworks",
				);
				MARKETING_VERSION = 1.0;
				PRODUCT_BUNDLE_IDENTIFIER = com.pnimoveis.FisicaAplicadaEmObjetosMovimentando;
				PRODUCT_NAME = "$(TARGET_NAME)";
				SWIFT_EMIT_LOC_STRINGS = YES;
				SWIFT_VERSION = 5.0;
				TARGETED_DEVICE_FAMILY = "1,2";
			};
			name = Debug;
		};
		163A61B9291C85BD00045645 /* Release */ = {
			isa = XCBuildConfiguration;
			buildSettings = {
				ASSETCATALOG_COMPILER_APPICON_NAME = AppIcon;
				ASSETCATALOG_COMPILER_GLOBAL_ACCENT_COLOR_NAME = AccentColor;
				CODE_SIGN_STYLE = Automatic;
				CURRENT_PROJECT_VERSION = 1;
				DEVELOPMENT_TEAM = UFS93RKF34;
				GENERATE_INFOPLIST_FILE = YES;
				INFOPLIST_KEY_UIApplicationSupportsIndirectInputEvents = YES;
				INFOPLIST_KEY_UILaunchStoryboardName = LaunchScreen;
				INFOPLIST_KEY_UIMainStoryboardFile = Main;
				INFOPLIST_KEY_UIStatusBarHidden = YES;
				INFOPLIST_KEY_UISupportedInterfaceOrientations_iPad = "UIInterfaceOrientationPortrait UIInterfaceOrientationPortraitUpsideDown UIInterfaceOrientationLandscapeLeft UIInterfaceOrientationLandscapeRight";
				INFOPLIST_KEY_UISupportedInterfaceOrientations_iPhone = "UIInterfaceOrientationPortrait UIInterfaceOrientationLandscapeLeft UIInterfaceOrientationLandscapeRight";
				IPHONEOS_DEPLOYMENT_TARGET = 15.2;
				LD_RUNPATH_SEARCH_PATHS = (
					"$(inherited)",
					"@executable_path/Frameworks",
				);
				MARKETING_VERSION = 1.0;
				PRODUCT_BUNDLE_IDENTIFIER = com.pnimoveis.FisicaAplicadaEmObjetosMovimentando;
				PRODUCT_NAME = "$(TARGET_NAME)";
				SWIFT_EMIT_LOC_STRINGS = YES;
				SWIFT_VERSION = 5.0;
				TARGETED_DEVICE_FAMILY = "1,2";
			};
			name = Release;
		};
/* End XCBuildConfiguration section */

/* Begin XCConfigurationList section */
		163A619B291C85BB00045645 /* Build configuration list for PBXProject "FisicaAplicadaEmObjetosMovimentando" */ = {
			isa = XCConfigurationList;
			buildConfigurations = (
				163A61B5291C85BD00045645 /* Debug */,
				163A61B6291C85BD00045645 /* Release */,
			);
			defaultConfigurationIsVisible = 0;
			defaultConfigurationName = Release;
		};
		163A61B7291C85BD00045645 /* Build configuration list for PBXNativeTarget "FisicaAplicadaEmObjetosMovimentando" */ = {
			isa = XCConfigurationList;
			buildConfigurations = (
				163A61B8291C85BD00045645 /* Debug */,
				163A61B9291C85BD00045645 /* Release */,
			);
			defaultConfigurationIsVisible = 0;
			defaultConfigurationName = Release;
		};
/* End XCConfigurationList section */
	};
	rootObject = 163A6198291C85BB00045645 /* Project object */;
}
